
Microsoft Visual Studio Solution File, Format Version 12.00
# Visual Studio Version 16
VisualStudioVersion = 16.0.31624.102
MinimumVisualStudioVersion = 10.0.40219.1
Project("{FAE04EC0-301F-11D3-BF4B-00C04F79EFBC}") = "Checkbook.Models", "Checkbook.Models\Checkbook.Models.csproj", "{161CB41E-2919-4434-B2A2-17C202212DD4}"
EndProject
Project("{FAE04EC0-301F-11D3-BF4B-00C04F79EFBC}") = "Checkbook.Services", "Checkbook.Services\Checkbook.Services.csproj", "{98AAA358-AB41-46FC-90B4-D8782E24127D}"
EndProject
Project("{FAE04EC0-301F-11D3-BF4B-00C04F79EFBC}") = "Checkbook.Repositories", "Checkbook.Repositories\Checkbook.Repositories.csproj", "{020842CC-8EF1-47B7-99B3-BA87A52151A3}"
EndProject
Global
	GlobalSection(SolutionConfigurationPlatforms) = preSolution
		Debug|Any CPU = Debug|Any CPU
		Release|Any CPU = Release|Any CPU
	EndGlobalSection
	GlobalSection(ProjectConfigurationPlatforms) = postSolution
		{161CB41E-2919-4434-B2A2-17C202212DD4}.Debug|Any CPU.ActiveCfg = Debug|Any CPU
		{161CB41E-2919-4434-B2A2-17C202212DD4}.Debug|Any CPU.Build.0 = Debug|Any CPU
		{161CB41E-2919-4434-B2A2-17C202212DD4}.Release|Any CPU.ActiveCfg = Release|Any CPU
		{161CB41E-2919-4434-B2A2-17C202212DD4}.Release|Any CPU.Build.0 = Release|Any CPU
		{98AAA358-AB41-46FC-90B4-D8782E24127D}.Debug|Any CPU.ActiveCfg = Debug|Any CPU
		{98AAA358-AB41-46FC-90B4-D8782E24127D}.Debug|Any CPU.Build.0 = Debug|Any CPU
		{98AAA358-AB41-46FC-90B4-D8782E24127D}.Release|Any CPU.ActiveCfg = Release|Any CPU
		{98AAA358-AB41-46FC-90B4-D8782E24127D}.Release|Any CPU.Build.0 = Release|Any CPU
		{020842CC-8EF1-47B7-99B3-BA87A52151A3}.Debug|Any CPU.ActiveCfg = Debug|Any CPU
		{020842CC-8EF1-47B7-99B3-BA87A52151A3}.Debug|Any CPU.Build.0 = Debug|Any CPU
		{020842CC-8EF1-47B7-99B3-BA87A52151A3}.Release|Any CPU.ActiveCfg = Release|Any CPU
		{020842CC-8EF1-47B7-99B3-BA87A52151A3}.Release|Any CPU.Build.0 = Release|Any CPU
	EndGlobalSection
	GlobalSection(SolutionProperties) = preSolution
		HideSolutionNode = FALSE
	EndGlobalSection
	GlobalSection(ExtensibilityGlobals) = postSolution
		SolutionGuid = {F400D26E-CE86-4B70-BD10-819F277AD837}
	EndGlobalSection
EndGlobal
